
Microsoft Visual Studio Solution File, Format Version 12.00
# Visual Studio 14
VisualStudioVersion = 14.0.25420.1
MinimumVisualStudioVersion = 10.0.40219.1
Project("{8BC9CEB8-8B4A-11D0-8D11-00A0C91BC942}") = "PGMSolutions", "PGMSolutions\PGMSolutions.vcxproj", "{497E9682-6403-4735-A1BA-ABD7C0A32BC1}"
EndProject
Project("{8BC9CEB8-8B4A-11D0-8D11-00A0C91BC942}") = "Factors", "Factors\Factors.vcxproj", "{D9D31EA7-973E-4379-B142-8EA80166DBF0}"
EndProject
Project("{8BC9CEB8-8B4A-11D0-8D11-00A0C91BC942}") = "PGMUtilities", "PGMUtilities\PGMUtilities.vcxproj", "{3C7F08D3-BF5C-4BDE-97E5-5795014DD09B}"
EndProject
Project("{8BC9CEB8-8B4A-11D0-8D11-00A0C91BC942}") = "FactorIO", "FactorIO\FactorIO.vcxproj", "{E36F7B97-F991-4EB3-8209-76EAEA59714A}"
EndProject
Project("{8BC9CEB8-8B4A-11D0-8D11-00A0C91BC942}") = "CliqueTree", "CliqueTree\CliqueTree.vcxproj", "{0C9B7E7B-C75D-4C1C-BF82-99ED549E5685}"
EndProject
Global
	GlobalSection(SolutionConfigurationPlatforms) = preSolution
		Debug|x64 = Debug|x64
		Debug|x86 = Debug|x86
		Release|x64 = Release|x64
		Release|x86 = Release|x86
	EndGlobalSection
	GlobalSection(ProjectConfigurationPlatforms) = postSolution
		{497E9682-6403-4735-A1BA-ABD7C0A32BC1}.Debug|x64.ActiveCfg = Debug|x64
		{497E9682-6403-4735-A1BA-ABD7C0A32BC1}.Debug|x64.Build.0 = Debug|x64
		{497E9682-6403-4735-A1BA-ABD7C0A32BC1}.Debug|x86.ActiveCfg = Debug|Win32
		{497E9682-6403-4735-A1BA-ABD7C0A32BC1}.Debug|x86.Build.0 = Debug|Win32
		{497E9682-6403-4735-A1BA-ABD7C0A32BC1}.Release|x64.ActiveCfg = Release|x64
		{497E9682-6403-4735-A1BA-ABD7C0A32BC1}.Release|x64.Build.0 = Release|x64
		{497E9682-6403-4735-A1BA-ABD7C0A32BC1}.Release|x86.ActiveCfg = Release|Win32
		{497E9682-6403-4735-A1BA-ABD7C0A32BC1}.Release|x86.Build.0 = Release|Win32
		{D9D31EA7-973E-4379-B142-8EA80166DBF0}.Debug|x64.ActiveCfg = Debug|x64
		{D9D31EA7-973E-4379-B142-8EA80166DBF0}.Debug|x64.Build.0 = Debug|x64
		{D9D31EA7-973E-4379-B142-8EA80166DBF0}.Debug|x86.ActiveCfg = Debug|Win32
		{D9D31EA7-973E-4379-B142-8EA80166DBF0}.Debug|x86.Build.0 = Debug|Win32
		{D9D31EA7-973E-4379-B142-8EA80166DBF0}.Release|x64.ActiveCfg = Release|x64
		{D9D31EA7-973E-4379-B142-8EA80166DBF0}.Release|x64.Build.0 = Release|x64
		{D9D31EA7-973E-4379-B142-8EA80166DBF0}.Release|x86.ActiveCfg = Release|Win32
		{D9D31EA7-973E-4379-B142-8EA80166DBF0}.Release|x86.Build.0 = Release|Win32
		{3C7F08D3-BF5C-4BDE-97E5-5795014DD09B}.Debug|x64.ActiveCfg = Debug|x64
		{3C7F08D3-BF5C-4BDE-97E5-5795014DD09B}.Debug|x64.Build.0 = Debug|x64
		{3C7F08D3-BF5C-4BDE-97E5-5795014DD09B}.Debug|x86.ActiveCfg = Debug|Win32
		{3C7F08D3-BF5C-4BDE-97E5-5795014DD09B}.Debug|x86.Build.0 = Debug|Win32
		{3C7F08D3-BF5C-4BDE-97E5-5795014DD09B}.Release|x64.ActiveCfg = Release|x64
		{3C7F08D3-BF5C-4BDE-97E5-5795014DD09B}.Release|x64.Build.0 = Release|x64
		{3C7F08D3-BF5C-4BDE-97E5-5795014DD09B}.Release|x86.ActiveCfg = Release|Win32
		{3C7F08D3-BF5C-4BDE-97E5-5795014DD09B}.Release|x86.Build.0 = Release|Win32
		{E36F7B97-F991-4EB3-8209-76EAEA59714A}.Debug|x64.ActiveCfg = Debug|x64
		{E36F7B97-F991-4EB3-8209-76EAEA59714A}.Debug|x64.Build.0 = Debug|x64
		{E36F7B97-F991-4EB3-8209-76EAEA59714A}.Debug|x86.ActiveCfg = Debug|Win32
		{E36F7B97-F991-4EB3-8209-76EAEA59714A}.Debug|x86.Build.0 = Debug|Win32
		{E36F7B97-F991-4EB3-8209-76EAEA59714A}.Release|x64.ActiveCfg = Release|x64
		{E36F7B97-F991-4EB3-8209-76EAEA59714A}.Release|x64.Build.0 = Release|x64
		{E36F7B97-F991-4EB3-8209-76EAEA59714A}.Release|x86.ActiveCfg = Release|Win32
		{E36F7B97-F991-4EB3-8209-76EAEA59714A}.Release|x86.Build.0 = Release|Win32
		{0C9B7E7B-C75D-4C1C-BF82-99ED549E5685}.Debug|x64.ActiveCfg = Debug|x64
		{0C9B7E7B-C75D-4C1C-BF82-99ED549E5685}.Debug|x64.Build.0 = Debug|x64
		{0C9B7E7B-C75D-4C1C-BF82-99ED549E5685}.Debug|x86.ActiveCfg = Debug|Win32
		{0C9B7E7B-C75D-4C1C-BF82-99ED549E5685}.Debug|x86.Build.0 = Debug|Win32
		{0C9B7E7B-C75D-4C1C-BF82-99ED549E5685}.Release|x64.ActiveCfg = Release|x64
		{0C9B7E7B-C75D-4C1C-BF82-99ED549E5685}.Release|x64.Build.0 = Release|x64
		{0C9B7E7B-C75D-4C1C-BF82-99ED549E5685}.Release|x86.ActiveCfg = Release|Win32
		{0C9B7E7B-C75D-4C1C-BF82-99ED549E5685}.Release|x86.Build.0 = Release|Win32
	EndGlobalSection
	GlobalSection(SolutionProperties) = preSolution
		HideSolutionNode = FALSE
	EndGlobalSection
EndGlobal
