
Microsoft Visual Studio Solution File, Format Version 12.00
# Visual Studio 14
VisualStudioVersion = 14.0.25420.1
MinimumVisualStudioVersion = 10.0.40219.1
Project("{8BC9CEB8-8B4A-11D0-8D11-00A0C91BC942}") = "PGMLIB", "PGMLIB\PGMLIB.vcxproj", "{7D2299A1-D92B-47C3-A2D1-B3A759BB1B37}"
EndProject
Project("{8BC9CEB8-8B4A-11D0-8D11-00A0C91BC942}") = "SampleFactorTutorial", "Samples\SampleFactorTutorial\SampleFactorTutorial.vcxproj", "{0C95CA61-5F2D-4F13-A223-827F77C474DD}"
	ProjectSection(ProjectDependencies) = postProject
		{7D2299A1-D92B-47C3-A2D1-B3A759BB1B37} = {7D2299A1-D92B-47C3-A2D1-B3A759BB1B37}
	EndProjectSection
EndProject
Global
	GlobalSection(SolutionConfigurationPlatforms) = preSolution
		Debug|x64 = Debug|x64
		Debug|x86 = Debug|x86
		Release|x64 = Release|x64
		Release|x86 = Release|x86
	EndGlobalSection
	GlobalSection(ProjectConfigurationPlatforms) = postSolution
		{7D2299A1-D92B-47C3-A2D1-B3A759BB1B37}.Debug|x64.ActiveCfg = Debug|x64
		{7D2299A1-D92B-47C3-A2D1-B3A759BB1B37}.Debug|x64.Build.0 = Debug|x64
		{7D2299A1-D92B-47C3-A2D1-B3A759BB1B37}.Debug|x86.ActiveCfg = Debug|Win32
		{7D2299A1-D92B-47C3-A2D1-B3A759BB1B37}.Debug|x86.Build.0 = Debug|Win32
		{7D2299A1-D92B-47C3-A2D1-B3A759BB1B37}.Release|x64.ActiveCfg = Release|x64
		{7D2299A1-D92B-47C3-A2D1-B3A759BB1B37}.Release|x64.Build.0 = Release|x64
		{7D2299A1-D92B-47C3-A2D1-B3A759BB1B37}.Release|x86.ActiveCfg = Release|Win32
		{7D2299A1-D92B-47C3-A2D1-B3A759BB1B37}.Release|x86.Build.0 = Release|Win32
		{0C95CA61-5F2D-4F13-A223-827F77C474DD}.Debug|x64.ActiveCfg = Debug|x64
		{0C95CA61-5F2D-4F13-A223-827F77C474DD}.Debug|x64.Build.0 = Debug|x64
		{0C95CA61-5F2D-4F13-A223-827F77C474DD}.Debug|x86.ActiveCfg = Debug|Win32
		{0C95CA61-5F2D-4F13-A223-827F77C474DD}.Debug|x86.Build.0 = Debug|Win32
		{0C95CA61-5F2D-4F13-A223-827F77C474DD}.Release|x64.ActiveCfg = Release|x64
		{0C95CA61-5F2D-4F13-A223-827F77C474DD}.Release|x64.Build.0 = Release|x64
		{0C95CA61-5F2D-4F13-A223-827F77C474DD}.Release|x86.ActiveCfg = Release|Win32
		{0C95CA61-5F2D-4F13-A223-827F77C474DD}.Release|x86.Build.0 = Release|Win32
	EndGlobalSection
	GlobalSection(SolutionProperties) = preSolution
		HideSolutionNode = FALSE
	EndGlobalSection
EndGlobal
